
Microsoft Visual Studio Solution File, Format Version 12.00
# Visual Studio Version 17
VisualStudioVersion = 17.3.32929.385
MinimumVisualStudioVersion = 10.0.40219.1
Project("{FAE04EC0-301F-11D3-BF4B-00C04F79EFBC}") = "Iskluchenia", "Iskluchenia.csproj", "{B592D526-3DE3-4B01-8C10-3541BB7B61CE}"
EndProject
Global
	GlobalSection(SolutionConfigurationPlatforms) = preSolution
		Debug|Any CPU = Debug|Any CPU
		Release|Any CPU = Release|Any CPU
	EndGlobalSection
	GlobalSection(ProjectConfigurationPlatforms) = postSolution
		{B592D526-3DE3-4B01-8C10-3541BB7B61CE}.Debug|Any CPU.ActiveCfg = Debug|Any CPU
		{B592D526-3DE3-4B01-8C10-3541BB7B61CE}.Debug|Any CPU.Build.0 = Debug|Any CPU
		{B592D526-3DE3-4B01-8C10-3541BB7B61CE}.Release|Any CPU.ActiveCfg = Release|Any CPU
		{B592D526-3DE3-4B01-8C10-3541BB7B61CE}.Release|Any CPU.Build.0 = Release|Any CPU
	EndGlobalSection
	GlobalSection(SolutionProperties) = preSolution
		HideSolutionNode = FALSE
	EndGlobalSection
	GlobalSection(ExtensibilityGlobals) = postSolution
		SolutionGuid = {6D993EE6-8ABD-48D7-BF6B-4F01A98B8C75}
	EndGlobalSection
EndGlobal
