
Microsoft Visual Studio Solution File, Format Version 12.00
# Visual Studio Version 17
VisualStudioVersion = 17.4.33103.184
MinimumVisualStudioVersion = 10.0.40219.1
Project("{FAE04EC0-301F-11D3-BF4B-00C04F79EFBC}") = "WinForms_Founation", "WinForms_Founation.csproj", "{C7B10C18-74C3-4F89-A8E5-66E835F07D66}"
EndProject
Global
	GlobalSection(SolutionConfigurationPlatforms) = preSolution
		Debug|Any CPU = Debug|Any CPU
		Release|Any CPU = Release|Any CPU
	EndGlobalSection
	GlobalSection(ProjectConfigurationPlatforms) = postSolution
		{C7B10C18-74C3-4F89-A8E5-66E835F07D66}.Debug|Any CPU.ActiveCfg = Debug|Any CPU
		{C7B10C18-74C3-4F89-A8E5-66E835F07D66}.Debug|Any CPU.Build.0 = Debug|Any CPU
		{C7B10C18-74C3-4F89-A8E5-66E835F07D66}.Release|Any CPU.ActiveCfg = Release|Any CPU
		{C7B10C18-74C3-4F89-A8E5-66E835F07D66}.Release|Any CPU.Build.0 = Release|Any CPU
	EndGlobalSection
	GlobalSection(SolutionProperties) = preSolution
		HideSolutionNode = FALSE
	EndGlobalSection
	GlobalSection(ExtensibilityGlobals) = postSolution
		SolutionGuid = {C82F5719-7847-4512-B2B4-543B9475D7A2}
	EndGlobalSection
EndGlobal
