
Microsoft Visual Studio Solution File, Format Version 12.00
# Visual Studio Version 17
VisualStudioVersion = 17.4.33103.184
MinimumVisualStudioVersion = 10.0.40219.1
Project("{FAE04EC0-301F-11D3-BF4B-00C04F79EFBC}") = "Serializable", "Serializable.csproj", "{5097E568-B23A-4906-AD6A-BEB770F7F6BC}"
EndProject
Global
	GlobalSection(SolutionConfigurationPlatforms) = preSolution
		Debug|Any CPU = Debug|Any CPU
		Release|Any CPU = Release|Any CPU
	EndGlobalSection
	GlobalSection(ProjectConfigurationPlatforms) = postSolution
		{5097E568-B23A-4906-AD6A-BEB770F7F6BC}.Debug|Any CPU.ActiveCfg = Debug|Any CPU
		{5097E568-B23A-4906-AD6A-BEB770F7F6BC}.Debug|Any CPU.Build.0 = Debug|Any CPU
		{5097E568-B23A-4906-AD6A-BEB770F7F6BC}.Release|Any CPU.ActiveCfg = Release|Any CPU
		{5097E568-B23A-4906-AD6A-BEB770F7F6BC}.Release|Any CPU.Build.0 = Release|Any CPU
	EndGlobalSection
	GlobalSection(SolutionProperties) = preSolution
		HideSolutionNode = FALSE
	EndGlobalSection
	GlobalSection(ExtensibilityGlobals) = postSolution
		SolutionGuid = {4FCB20E5-6D6A-4726-A43A-C0D932AC2E83}
	EndGlobalSection
EndGlobal
