
Microsoft Visual Studio Solution File, Format Version 12.00
# Visual Studio Version 17
VisualStudioVersion = 17.4.33103.184
MinimumVisualStudioVersion = 10.0.40219.1
Project("{FAE04EC0-301F-11D3-BF4B-00C04F79EFBC}") = "Iskluchenia dobivka", "Iskluchenia dobivka.csproj", "{B5E16783-12EC-47C9-A1D4-22459FA66B26}"
EndProject
Global
	GlobalSection(SolutionConfigurationPlatforms) = preSolution
		Debug|Any CPU = Debug|Any CPU
		Release|Any CPU = Release|Any CPU
	EndGlobalSection
	GlobalSection(ProjectConfigurationPlatforms) = postSolution
		{B5E16783-12EC-47C9-A1D4-22459FA66B26}.Debug|Any CPU.ActiveCfg = Debug|Any CPU
		{B5E16783-12EC-47C9-A1D4-22459FA66B26}.Debug|Any CPU.Build.0 = Debug|Any CPU
		{B5E16783-12EC-47C9-A1D4-22459FA66B26}.Release|Any CPU.ActiveCfg = Release|Any CPU
		{B5E16783-12EC-47C9-A1D4-22459FA66B26}.Release|Any CPU.Build.0 = Release|Any CPU
	EndGlobalSection
	GlobalSection(SolutionProperties) = preSolution
		HideSolutionNode = FALSE
	EndGlobalSection
	GlobalSection(ExtensibilityGlobals) = postSolution
		SolutionGuid = {D2378067-44E5-40B2-8266-1A68549B8CE9}
	EndGlobalSection
EndGlobal
