
Microsoft Visual Studio Solution File, Format Version 12.00
# Visual Studio Version 17
VisualStudioVersion = 17.4.33103.184
MinimumVisualStudioVersion = 10.0.40219.1
Project("{FAE04EC0-301F-11D3-BF4B-00C04F79EFBC}") = "Winforms_student", "Winforms_student.csproj", "{C3B038AA-4660-459A-838F-E27C8C833EED}"
EndProject
Global
	GlobalSection(SolutionConfigurationPlatforms) = preSolution
		Debug|Any CPU = Debug|Any CPU
		Release|Any CPU = Release|Any CPU
	EndGlobalSection
	GlobalSection(ProjectConfigurationPlatforms) = postSolution
		{C3B038AA-4660-459A-838F-E27C8C833EED}.Debug|Any CPU.ActiveCfg = Debug|Any CPU
		{C3B038AA-4660-459A-838F-E27C8C833EED}.Debug|Any CPU.Build.0 = Debug|Any CPU
		{C3B038AA-4660-459A-838F-E27C8C833EED}.Release|Any CPU.ActiveCfg = Release|Any CPU
		{C3B038AA-4660-459A-838F-E27C8C833EED}.Release|Any CPU.Build.0 = Release|Any CPU
	EndGlobalSection
	GlobalSection(SolutionProperties) = preSolution
		HideSolutionNode = FALSE
	EndGlobalSection
	GlobalSection(ExtensibilityGlobals) = postSolution
		SolutionGuid = {591F8115-73C5-4998-8144-CB7D998D8152}
	EndGlobalSection
EndGlobal
