
Microsoft Visual Studio Solution File, Format Version 12.00
# Visual Studio Version 17
VisualStudioVersion = 17.4.33103.184
MinimumVisualStudioVersion = 10.0.40219.1
Project("{FAE04EC0-301F-11D3-BF4B-00C04F79EFBC}") = "WinForms Calculation", "WinForms Calculation.csproj", "{3687D8B9-58E8-4360-92D9-57A6123723BD}"
EndProject
Global
	GlobalSection(SolutionConfigurationPlatforms) = preSolution
		Debug|Any CPU = Debug|Any CPU
		Release|Any CPU = Release|Any CPU
	EndGlobalSection
	GlobalSection(ProjectConfigurationPlatforms) = postSolution
		{3687D8B9-58E8-4360-92D9-57A6123723BD}.Debug|Any CPU.ActiveCfg = Debug|Any CPU
		{3687D8B9-58E8-4360-92D9-57A6123723BD}.Debug|Any CPU.Build.0 = Debug|Any CPU
		{3687D8B9-58E8-4360-92D9-57A6123723BD}.Release|Any CPU.ActiveCfg = Release|Any CPU
		{3687D8B9-58E8-4360-92D9-57A6123723BD}.Release|Any CPU.Build.0 = Release|Any CPU
	EndGlobalSection
	GlobalSection(SolutionProperties) = preSolution
		HideSolutionNode = FALSE
	EndGlobalSection
	GlobalSection(ExtensibilityGlobals) = postSolution
		SolutionGuid = {ECE0DA06-0286-429B-B557-5D792DF5E1F4}
	EndGlobalSection
EndGlobal
