
Microsoft Visual Studio Solution File, Format Version 12.00
# Visual Studio Version 17
VisualStudioVersion = 17.1.32328.378
MinimumVisualStudioVersion = 10.0.40219.1
Project("{FAE04EC0-301F-11D3-BF4B-00C04F79EFBC}") = "Klassi DZ 2", "Klassi DZ 2\Klassi DZ 2.csproj", "{F2737BE1-7490-4D11-9A59-F52A16857B61}"
EndProject
Global
	GlobalSection(SolutionConfigurationPlatforms) = preSolution
		Debug|Any CPU = Debug|Any CPU
		Release|Any CPU = Release|Any CPU
	EndGlobalSection
	GlobalSection(ProjectConfigurationPlatforms) = postSolution
		{F2737BE1-7490-4D11-9A59-F52A16857B61}.Debug|Any CPU.ActiveCfg = Debug|Any CPU
		{F2737BE1-7490-4D11-9A59-F52A16857B61}.Debug|Any CPU.Build.0 = Debug|Any CPU
		{F2737BE1-7490-4D11-9A59-F52A16857B61}.Release|Any CPU.ActiveCfg = Release|Any CPU
		{F2737BE1-7490-4D11-9A59-F52A16857B61}.Release|Any CPU.Build.0 = Release|Any CPU
	EndGlobalSection
	GlobalSection(SolutionProperties) = preSolution
		HideSolutionNode = FALSE
	EndGlobalSection
	GlobalSection(ExtensibilityGlobals) = postSolution
		SolutionGuid = {02CE11AE-99E8-429F-A14D-BE59426366AC}
	EndGlobalSection
EndGlobal
